
Microsoft Visual Studio Solution File, Format Version 12.00
# Visual Studio Version 16
VisualStudioVersion = 16.0.30320.27
MinimumVisualStudioVersion = 10.0.40219.1
Project("{9A19103F-16F7-4668-BE54-9A1E7A4F7556}") = "PlayingWithLists", "PlayingWithLists\PlayingWithLists.csproj", "{75F64D8C-0BAD-4384-87BD-0022A85D030B}"
EndProject
Project("{9A19103F-16F7-4668-BE54-9A1E7A4F7556}") = "QuizApp", "QuizApp\QuizApp.csproj", "{27CC6029-B3CA-4AD6-97D1-893E1BE788C3}"
EndProject
Project("{FAE04EC0-301F-11D3-BF4B-00C04F79EFBC}") = "TestingActions", "TestingActions\TestingActions.csproj", "{1BCF4CA4-18D1-4850-B75F-24247AE45A25}"
EndProject
Project("{FAE04EC0-301F-11D3-BF4B-00C04F79EFBC}") = "ConTools", "ConTools\ConTools.csproj", "{7A1774B6-DC7A-4FED-8421-9773A23B1DA8}"
EndProject
Global
	GlobalSection(SolutionConfigurationPlatforms) = preSolution
		Debug|Any CPU = Debug|Any CPU
		Release|Any CPU = Release|Any CPU
	EndGlobalSection
	GlobalSection(ProjectConfigurationPlatforms) = postSolution
		{75F64D8C-0BAD-4384-87BD-0022A85D030B}.Debug|Any CPU.ActiveCfg = Debug|Any CPU
		{75F64D8C-0BAD-4384-87BD-0022A85D030B}.Debug|Any CPU.Build.0 = Debug|Any CPU
		{75F64D8C-0BAD-4384-87BD-0022A85D030B}.Release|Any CPU.ActiveCfg = Release|Any CPU
		{75F64D8C-0BAD-4384-87BD-0022A85D030B}.Release|Any CPU.Build.0 = Release|Any CPU
		{27CC6029-B3CA-4AD6-97D1-893E1BE788C3}.Debug|Any CPU.ActiveCfg = Debug|Any CPU
		{27CC6029-B3CA-4AD6-97D1-893E1BE788C3}.Debug|Any CPU.Build.0 = Debug|Any CPU
		{27CC6029-B3CA-4AD6-97D1-893E1BE788C3}.Release|Any CPU.ActiveCfg = Release|Any CPU
		{27CC6029-B3CA-4AD6-97D1-893E1BE788C3}.Release|Any CPU.Build.0 = Release|Any CPU
		{1BCF4CA4-18D1-4850-B75F-24247AE45A25}.Debug|Any CPU.ActiveCfg = Debug|Any CPU
		{1BCF4CA4-18D1-4850-B75F-24247AE45A25}.Debug|Any CPU.Build.0 = Debug|Any CPU
		{1BCF4CA4-18D1-4850-B75F-24247AE45A25}.Release|Any CPU.ActiveCfg = Release|Any CPU
		{1BCF4CA4-18D1-4850-B75F-24247AE45A25}.Release|Any CPU.Build.0 = Release|Any CPU
		{7A1774B6-DC7A-4FED-8421-9773A23B1DA8}.Debug|Any CPU.ActiveCfg = Debug|Any CPU
		{7A1774B6-DC7A-4FED-8421-9773A23B1DA8}.Debug|Any CPU.Build.0 = Debug|Any CPU
		{7A1774B6-DC7A-4FED-8421-9773A23B1DA8}.Release|Any CPU.ActiveCfg = Release|Any CPU
		{7A1774B6-DC7A-4FED-8421-9773A23B1DA8}.Release|Any CPU.Build.0 = Release|Any CPU
	EndGlobalSection
	GlobalSection(SolutionProperties) = preSolution
		HideSolutionNode = FALSE
	EndGlobalSection
	GlobalSection(ExtensibilityGlobals) = postSolution
		SolutionGuid = {936A8709-18EF-411F-9E99-868814228A3D}
	EndGlobalSection
EndGlobal
